
Microsoft Visual Studio Solution File, Format Version 12.00
# Visual Studio 14
VisualStudioVersion = 14.0.25420.1
MinimumVisualStudioVersion = 10.0.40219.1
Project("{FAE04EC0-301F-11D3-BF4B-00C04F79EFBC}") = "xamarin_sample", "xamarin-sample\xamarin_sample\xamarin_sample.csproj", "{319377BC-0A4F-4F73-9E0B-B28686E4A25C}"
EndProject
Project("{FAE04EC0-301F-11D3-BF4B-00C04F79EFBC}") = "xamarin_sample.Droid", "xamarin-sample\xamarin_sample.Droid\xamarin_sample.Droid.csproj", "{941B7891-22B0-4D67-893B-5CEF4D59CD3A}"
EndProject
Project("{FAE04EC0-301F-11D3-BF4B-00C04F79EFBC}") = "xamarin_sample.UWP", "xamarin-sample\xamarin_sample.UWP\xamarin_sample.UWP.csproj", "{11850987-0E23-45C9-8D6F-D9E38A5DAFB0}"
EndProject
Global
	GlobalSection(SolutionConfigurationPlatforms) = preSolution
		Ad-Hoc|Any CPU = Ad-Hoc|Any CPU
		Ad-Hoc|ARM = Ad-Hoc|ARM
		Ad-Hoc|iPhone = Ad-Hoc|iPhone
		Ad-Hoc|iPhoneSimulator = Ad-Hoc|iPhoneSimulator
		Ad-Hoc|x64 = Ad-Hoc|x64
		Ad-Hoc|x86 = Ad-Hoc|x86
		AppStore|Any CPU = AppStore|Any CPU
		AppStore|ARM = AppStore|ARM
		AppStore|iPhone = AppStore|iPhone
		AppStore|iPhoneSimulator = AppStore|iPhoneSimulator
		AppStore|x64 = AppStore|x64
		AppStore|x86 = AppStore|x86
		Debug|Any CPU = Debug|Any CPU
		Debug|ARM = Debug|ARM
		Debug|iPhone = Debug|iPhone
		Debug|iPhoneSimulator = Debug|iPhoneSimulator
		Debug|x64 = Debug|x64
		Debug|x86 = Debug|x86
		Release|Any CPU = Release|Any CPU
		Release|ARM = Release|ARM
		Release|iPhone = Release|iPhone
		Release|iPhoneSimulator = Release|iPhoneSimulator
		Release|x64 = Release|x64
		Release|x86 = Release|x86
	EndGlobalSection
	GlobalSection(ProjectConfigurationPlatforms) = postSolution
		{319377BC-0A4F-4F73-9E0B-B28686E4A25C}.Ad-Hoc|Any CPU.ActiveCfg = Release|Any CPU
		{319377BC-0A4F-4F73-9E0B-B28686E4A25C}.Ad-Hoc|Any CPU.Build.0 = Release|Any CPU
		{319377BC-0A4F-4F73-9E0B-B28686E4A25C}.Ad-Hoc|ARM.ActiveCfg = Release|Any CPU
		{319377BC-0A4F-4F73-9E0B-B28686E4A25C}.Ad-Hoc|ARM.Build.0 = Release|Any CPU
		{319377BC-0A4F-4F73-9E0B-B28686E4A25C}.Ad-Hoc|iPhone.ActiveCfg = Release|Any CPU
		{319377BC-0A4F-4F73-9E0B-B28686E4A25C}.Ad-Hoc|iPhone.Build.0 = Release|Any CPU
		{319377BC-0A4F-4F73-9E0B-B28686E4A25C}.Ad-Hoc|iPhoneSimulator.ActiveCfg = Release|Any CPU
		{319377BC-0A4F-4F73-9E0B-B28686E4A25C}.Ad-Hoc|iPhoneSimulator.Build.0 = Release|Any CPU
		{319377BC-0A4F-4F73-9E0B-B28686E4A25C}.Ad-Hoc|x64.ActiveCfg = Release|Any CPU
		{319377BC-0A4F-4F73-9E0B-B28686E4A25C}.Ad-Hoc|x64.Build.0 = Release|Any CPU
		{319377BC-0A4F-4F73-9E0B-B28686E4A25C}.Ad-Hoc|x86.ActiveCfg = Release|Any CPU
		{319377BC-0A4F-4F73-9E0B-B28686E4A25C}.Ad-Hoc|x86.Build.0 = Release|Any CPU
		{319377BC-0A4F-4F73-9E0B-B28686E4A25C}.AppStore|Any CPU.ActiveCfg = Release|Any CPU
		{319377BC-0A4F-4F73-9E0B-B28686E4A25C}.AppStore|Any CPU.Build.0 = Release|Any CPU
		{319377BC-0A4F-4F73-9E0B-B28686E4A25C}.AppStore|ARM.ActiveCfg = Release|Any CPU
		{319377BC-0A4F-4F73-9E0B-B28686E4A25C}.AppStore|ARM.Build.0 = Release|Any CPU
		{319377BC-0A4F-4F73-9E0B-B28686E4A25C}.AppStore|iPhone.ActiveCfg = Release|Any CPU
		{319377BC-0A4F-4F73-9E0B-B28686E4A25C}.AppStore|iPhone.Build.0 = Release|Any CPU
		{319377BC-0A4F-4F73-9E0B-B28686E4A25C}.AppStore|iPhoneSimulator.ActiveCfg = Release|Any CPU
		{319377BC-0A4F-4F73-9E0B-B28686E4A25C}.AppStore|iPhoneSimulator.Build.0 = Release|Any CPU
		{319377BC-0A4F-4F73-9E0B-B28686E4A25C}.AppStore|x64.ActiveCfg = Release|Any CPU
		{319377BC-0A4F-4F73-9E0B-B28686E4A25C}.AppStore|x64.Build.0 = Release|Any CPU
		{319377BC-0A4F-4F73-9E0B-B28686E4A25C}.AppStore|x86.ActiveCfg = Release|Any CPU
		{319377BC-0A4F-4F73-9E0B-B28686E4A25C}.AppStore|x86.Build.0 = Release|Any CPU
		{319377BC-0A4F-4F73-9E0B-B28686E4A25C}.Debug|Any CPU.ActiveCfg = Debug|Any CPU
		{319377BC-0A4F-4F73-9E0B-B28686E4A25C}.Debug|Any CPU.Build.0 = Debug|Any CPU
		{319377BC-0A4F-4F73-9E0B-B28686E4A25C}.Debug|ARM.ActiveCfg = Debug|Any CPU
		{319377BC-0A4F-4F73-9E0B-B28686E4A25C}.Debug|ARM.Build.0 = Debug|Any CPU
		{319377BC-0A4F-4F73-9E0B-B28686E4A25C}.Debug|iPhone.ActiveCfg = Debug|Any CPU
		{319377BC-0A4F-4F73-9E0B-B28686E4A25C}.Debug|iPhone.Build.0 = Debug|Any CPU
		{319377BC-0A4F-4F73-9E0B-B28686E4A25C}.Debug|iPhoneSimulator.ActiveCfg = Debug|Any CPU
		{319377BC-0A4F-4F73-9E0B-B28686E4A25C}.Debug|iPhoneSimulator.Build.0 = Debug|Any CPU
		{319377BC-0A4F-4F73-9E0B-B28686E4A25C}.Debug|x64.ActiveCfg = Debug|Any CPU
		{319377BC-0A4F-4F73-9E0B-B28686E4A25C}.Debug|x64.Build.0 = Debug|Any CPU
		{319377BC-0A4F-4F73-9E0B-B28686E4A25C}.Debug|x86.ActiveCfg = Debug|Any CPU
		{319377BC-0A4F-4F73-9E0B-B28686E4A25C}.Debug|x86.Build.0 = Debug|Any CPU
		{319377BC-0A4F-4F73-9E0B-B28686E4A25C}.Release|Any CPU.ActiveCfg = Release|Any CPU
		{319377BC-0A4F-4F73-9E0B-B28686E4A25C}.Release|Any CPU.Build.0 = Release|Any CPU
		{319377BC-0A4F-4F73-9E0B-B28686E4A25C}.Release|ARM.ActiveCfg = Release|Any CPU
		{319377BC-0A4F-4F73-9E0B-B28686E4A25C}.Release|ARM.Build.0 = Release|Any CPU
		{319377BC-0A4F-4F73-9E0B-B28686E4A25C}.Release|iPhone.ActiveCfg = Release|Any CPU
		{319377BC-0A4F-4F73-9E0B-B28686E4A25C}.Release|iPhone.Build.0 = Release|Any CPU
		{319377BC-0A4F-4F73-9E0B-B28686E4A25C}.Release|iPhoneSimulator.ActiveCfg = Release|Any CPU
		{319377BC-0A4F-4F73-9E0B-B28686E4A25C}.Release|iPhoneSimulator.Build.0 = Release|Any CPU
		{319377BC-0A4F-4F73-9E0B-B28686E4A25C}.Release|x64.ActiveCfg = Release|Any CPU
		{319377BC-0A4F-4F73-9E0B-B28686E4A25C}.Release|x64.Build.0 = Release|Any CPU
		{319377BC-0A4F-4F73-9E0B-B28686E4A25C}.Release|x86.ActiveCfg = Release|Any CPU
		{319377BC-0A4F-4F73-9E0B-B28686E4A25C}.Release|x86.Build.0 = Release|Any CPU
		{941B7891-22B0-4D67-893B-5CEF4D59CD3A}.Ad-Hoc|Any CPU.ActiveCfg = Release|Any CPU
		{941B7891-22B0-4D67-893B-5CEF4D59CD3A}.Ad-Hoc|Any CPU.Build.0 = Release|Any CPU
		{941B7891-22B0-4D67-893B-5CEF4D59CD3A}.Ad-Hoc|Any CPU.Deploy.0 = Release|Any CPU
		{941B7891-22B0-4D67-893B-5CEF4D59CD3A}.Ad-Hoc|ARM.ActiveCfg = Release|Any CPU
		{941B7891-22B0-4D67-893B-5CEF4D59CD3A}.Ad-Hoc|ARM.Build.0 = Release|Any CPU
		{941B7891-22B0-4D67-893B-5CEF4D59CD3A}.Ad-Hoc|ARM.Deploy.0 = Release|Any CPU
		{941B7891-22B0-4D67-893B-5CEF4D59CD3A}.Ad-Hoc|iPhone.ActiveCfg = Release|Any CPU
		{941B7891-22B0-4D67-893B-5CEF4D59CD3A}.Ad-Hoc|iPhone.Build.0 = Release|Any CPU
		{941B7891-22B0-4D67-893B-5CEF4D59CD3A}.Ad-Hoc|iPhone.Deploy.0 = Release|Any CPU
		{941B7891-22B0-4D67-893B-5CEF4D59CD3A}.Ad-Hoc|iPhoneSimulator.ActiveCfg = Release|Any CPU
		{941B7891-22B0-4D67-893B-5CEF4D59CD3A}.Ad-Hoc|iPhoneSimulator.Build.0 = Release|Any CPU
		{941B7891-22B0-4D67-893B-5CEF4D59CD3A}.Ad-Hoc|iPhoneSimulator.Deploy.0 = Release|Any CPU
		{941B7891-22B0-4D67-893B-5CEF4D59CD3A}.Ad-Hoc|x64.ActiveCfg = Release|Any CPU
		{941B7891-22B0-4D67-893B-5CEF4D59CD3A}.Ad-Hoc|x64.Build.0 = Release|Any CPU
		{941B7891-22B0-4D67-893B-5CEF4D59CD3A}.Ad-Hoc|x64.Deploy.0 = Release|Any CPU
		{941B7891-22B0-4D67-893B-5CEF4D59CD3A}.Ad-Hoc|x86.ActiveCfg = Release|Any CPU
		{941B7891-22B0-4D67-893B-5CEF4D59CD3A}.Ad-Hoc|x86.Build.0 = Release|Any CPU
		{941B7891-22B0-4D67-893B-5CEF4D59CD3A}.Ad-Hoc|x86.Deploy.0 = Release|Any CPU
		{941B7891-22B0-4D67-893B-5CEF4D59CD3A}.AppStore|Any CPU.ActiveCfg = Release|Any CPU
		{941B7891-22B0-4D67-893B-5CEF4D59CD3A}.AppStore|Any CPU.Build.0 = Release|Any CPU
		{941B7891-22B0-4D67-893B-5CEF4D59CD3A}.AppStore|Any CPU.Deploy.0 = Release|Any CPU
		{941B7891-22B0-4D67-893B-5CEF4D59CD3A}.AppStore|ARM.ActiveCfg = Release|Any CPU
		{941B7891-22B0-4D67-893B-5CEF4D59CD3A}.AppStore|ARM.Build.0 = Release|Any CPU
		{941B7891-22B0-4D67-893B-5CEF4D59CD3A}.AppStore|ARM.Deploy.0 = Release|Any CPU
		{941B7891-22B0-4D67-893B-5CEF4D59CD3A}.AppStore|iPhone.ActiveCfg = Release|Any CPU
		{941B7891-22B0-4D67-893B-5CEF4D59CD3A}.AppStore|iPhone.Build.0 = Release|Any CPU
		{941B7891-22B0-4D67-893B-5CEF4D59CD3A}.AppStore|iPhone.Deploy.0 = Release|Any CPU
		{941B7891-22B0-4D67-893B-5CEF4D59CD3A}.AppStore|iPhoneSimulator.ActiveCfg = Release|Any CPU
		{941B7891-22B0-4D67-893B-5CEF4D59CD3A}.AppStore|iPhoneSimulator.Build.0 = Release|Any CPU
		{941B7891-22B0-4D67-893B-5CEF4D59CD3A}.AppStore|iPhoneSimulator.Deploy.0 = Release|Any CPU
		{941B7891-22B0-4D67-893B-5CEF4D59CD3A}.AppStore|x64.ActiveCfg = Release|Any CPU
		{941B7891-22B0-4D67-893B-5CEF4D59CD3A}.AppStore|x64.Build.0 = Release|Any CPU
		{941B7891-22B0-4D67-893B-5CEF4D59CD3A}.AppStore|x64.Deploy.0 = Release|Any CPU
		{941B7891-22B0-4D67-893B-5CEF4D59CD3A}.AppStore|x86.ActiveCfg = Release|Any CPU
		{941B7891-22B0-4D67-893B-5CEF4D59CD3A}.AppStore|x86.Build.0 = Release|Any CPU
		{941B7891-22B0-4D67-893B-5CEF4D59CD3A}.AppStore|x86.Deploy.0 = Release|Any CPU
		{941B7891-22B0-4D67-893B-5CEF4D59CD3A}.Debug|Any CPU.ActiveCfg = Debug|Any CPU
		{941B7891-22B0-4D67-893B-5CEF4D59CD3A}.Debug|Any CPU.Build.0 = Debug|Any CPU
		{941B7891-22B0-4D67-893B-5CEF4D59CD3A}.Debug|Any CPU.Deploy.0 = Debug|Any CPU
		{941B7891-22B0-4D67-893B-5CEF4D59CD3A}.Debug|ARM.ActiveCfg = Debug|Any CPU
		{941B7891-22B0-4D67-893B-5CEF4D59CD3A}.Debug|ARM.Build.0 = Debug|Any CPU
		{941B7891-22B0-4D67-893B-5CEF4D59CD3A}.Debug|ARM.Deploy.0 = Debug|Any CPU
		{941B7891-22B0-4D67-893B-5CEF4D59CD3A}.Debug|iPhone.ActiveCfg = Debug|Any CPU
		{941B7891-22B0-4D67-893B-5CEF4D59CD3A}.Debug|iPhone.Build.0 = Debug|Any CPU
		{941B7891-22B0-4D67-893B-5CEF4D59CD3A}.Debug|iPhone.Deploy.0 = Debug|Any CPU
		{941B7891-22B0-4D67-893B-5CEF4D59CD3A}.Debug|iPhoneSimulator.ActiveCfg = Debug|Any CPU
		{941B7891-22B0-4D67-893B-5CEF4D59CD3A}.Debug|iPhoneSimulator.Build.0 = Debug|Any CPU
		{941B7891-22B0-4D67-893B-5CEF4D59CD3A}.Debug|iPhoneSimulator.Deploy.0 = Debug|Any CPU
		{941B7891-22B0-4D67-893B-5CEF4D59CD3A}.Debug|x64.ActiveCfg = Debug|Any CPU
		{941B7891-22B0-4D67-893B-5CEF4D59CD3A}.Debug|x64.Build.0 = Debug|Any CPU
		{941B7891-22B0-4D67-893B-5CEF4D59CD3A}.Debug|x64.Deploy.0 = Debug|Any CPU
		{941B7891-22B0-4D67-893B-5CEF4D59CD3A}.Debug|x86.ActiveCfg = Debug|Any CPU
		{941B7891-22B0-4D67-893B-5CEF4D59CD3A}.Debug|x86.Build.0 = Debug|Any CPU
		{941B7891-22B0-4D67-893B-5CEF4D59CD3A}.Debug|x86.Deploy.0 = Debug|Any CPU
		{941B7891-22B0-4D67-893B-5CEF4D59CD3A}.Release|Any CPU.ActiveCfg = Release|Any CPU
		{941B7891-22B0-4D67-893B-5CEF4D59CD3A}.Release|Any CPU.Build.0 = Release|Any CPU
		{941B7891-22B0-4D67-893B-5CEF4D59CD3A}.Release|Any CPU.Deploy.0 = Release|Any CPU
		{941B7891-22B0-4D67-893B-5CEF4D59CD3A}.Release|ARM.ActiveCfg = Release|Any CPU
		{941B7891-22B0-4D67-893B-5CEF4D59CD3A}.Release|ARM.Build.0 = Release|Any CPU
		{941B7891-22B0-4D67-893B-5CEF4D59CD3A}.Release|ARM.Deploy.0 = Release|Any CPU
		{941B7891-22B0-4D67-893B-5CEF4D59CD3A}.Release|iPhone.ActiveCfg = Release|Any CPU
		{941B7891-22B0-4D67-893B-5CEF4D59CD3A}.Release|iPhone.Build.0 = Release|Any CPU
		{941B7891-22B0-4D67-893B-5CEF4D59CD3A}.Release|iPhone.Deploy.0 = Release|Any CPU
		{941B7891-22B0-4D67-893B-5CEF4D59CD3A}.Release|iPhoneSimulator.ActiveCfg = Release|Any CPU
		{941B7891-22B0-4D67-893B-5CEF4D59CD3A}.Release|iPhoneSimulator.Build.0 = Release|Any CPU
		{941B7891-22B0-4D67-893B-5CEF4D59CD3A}.Release|iPhoneSimulator.Deploy.0 = Release|Any CPU
		{941B7891-22B0-4D67-893B-5CEF4D59CD3A}.Release|x64.ActiveCfg = Release|Any CPU
		{941B7891-22B0-4D67-893B-5CEF4D59CD3A}.Release|x64.Build.0 = Release|Any CPU
		{941B7891-22B0-4D67-893B-5CEF4D59CD3A}.Release|x64.Deploy.0 = Release|Any CPU
		{941B7891-22B0-4D67-893B-5CEF4D59CD3A}.Release|x86.ActiveCfg = Release|Any CPU
		{941B7891-22B0-4D67-893B-5CEF4D59CD3A}.Release|x86.Build.0 = Release|Any CPU
		{941B7891-22B0-4D67-893B-5CEF4D59CD3A}.Release|x86.Deploy.0 = Release|Any CPU
		{11850987-0E23-45C9-8D6F-D9E38A5DAFB0}.Ad-Hoc|Any CPU.ActiveCfg = Release|x86
		{11850987-0E23-45C9-8D6F-D9E38A5DAFB0}.Ad-Hoc|Any CPU.Build.0 = Release|x86
		{11850987-0E23-45C9-8D6F-D9E38A5DAFB0}.Ad-Hoc|Any CPU.Deploy.0 = Release|x86
		{11850987-0E23-45C9-8D6F-D9E38A5DAFB0}.Ad-Hoc|ARM.ActiveCfg = Release|ARM
		{11850987-0E23-45C9-8D6F-D9E38A5DAFB0}.Ad-Hoc|ARM.Build.0 = Release|ARM
		{11850987-0E23-45C9-8D6F-D9E38A5DAFB0}.Ad-Hoc|ARM.Deploy.0 = Release|ARM
		{11850987-0E23-45C9-8D6F-D9E38A5DAFB0}.Ad-Hoc|iPhone.ActiveCfg = Release|x86
		{11850987-0E23-45C9-8D6F-D9E38A5DAFB0}.Ad-Hoc|iPhone.Build.0 = Release|x86
		{11850987-0E23-45C9-8D6F-D9E38A5DAFB0}.Ad-Hoc|iPhone.Deploy.0 = Release|x86
		{11850987-0E23-45C9-8D6F-D9E38A5DAFB0}.Ad-Hoc|iPhoneSimulator.ActiveCfg = Release|x86
		{11850987-0E23-45C9-8D6F-D9E38A5DAFB0}.Ad-Hoc|iPhoneSimulator.Build.0 = Release|x86
		{11850987-0E23-45C9-8D6F-D9E38A5DAFB0}.Ad-Hoc|iPhoneSimulator.Deploy.0 = Release|x86
		{11850987-0E23-45C9-8D6F-D9E38A5DAFB0}.Ad-Hoc|x64.ActiveCfg = Release|x64
		{11850987-0E23-45C9-8D6F-D9E38A5DAFB0}.Ad-Hoc|x64.Build.0 = Release|x64
		{11850987-0E23-45C9-8D6F-D9E38A5DAFB0}.Ad-Hoc|x64.Deploy.0 = Release|x64
		{11850987-0E23-45C9-8D6F-D9E38A5DAFB0}.Ad-Hoc|x86.ActiveCfg = Release|x86
		{11850987-0E23-45C9-8D6F-D9E38A5DAFB0}.Ad-Hoc|x86.Build.0 = Release|x86
		{11850987-0E23-45C9-8D6F-D9E38A5DAFB0}.Ad-Hoc|x86.Deploy.0 = Release|x86
		{11850987-0E23-45C9-8D6F-D9E38A5DAFB0}.AppStore|Any CPU.ActiveCfg = Release|x86
		{11850987-0E23-45C9-8D6F-D9E38A5DAFB0}.AppStore|Any CPU.Build.0 = Release|x86
		{11850987-0E23-45C9-8D6F-D9E38A5DAFB0}.AppStore|Any CPU.Deploy.0 = Release|x86
		{11850987-0E23-45C9-8D6F-D9E38A5DAFB0}.AppStore|ARM.ActiveCfg = Release|ARM
		{11850987-0E23-45C9-8D6F-D9E38A5DAFB0}.AppStore|ARM.Build.0 = Release|ARM
		{11850987-0E23-45C9-8D6F-D9E38A5DAFB0}.AppStore|ARM.Deploy.0 = Release|ARM
		{11850987-0E23-45C9-8D6F-D9E38A5DAFB0}.AppStore|iPhone.ActiveCfg = Release|x86
		{11850987-0E23-45C9-8D6F-D9E38A5DAFB0}.AppStore|iPhone.Build.0 = Release|x86
		{11850987-0E23-45C9-8D6F-D9E38A5DAFB0}.AppStore|iPhone.Deploy.0 = Release|x86
		{11850987-0E23-45C9-8D6F-D9E38A5DAFB0}.AppStore|iPhoneSimulator.ActiveCfg = Release|x86
		{11850987-0E23-45C9-8D6F-D9E38A5DAFB0}.AppStore|iPhoneSimulator.Build.0 = Release|x86
		{11850987-0E23-45C9-8D6F-D9E38A5DAFB0}.AppStore|iPhoneSimulator.Deploy.0 = Release|x86
		{11850987-0E23-45C9-8D6F-D9E38A5DAFB0}.AppStore|x64.ActiveCfg = Release|x64
		{11850987-0E23-45C9-8D6F-D9E38A5DAFB0}.AppStore|x64.Build.0 = Release|x64
		{11850987-0E23-45C9-8D6F-D9E38A5DAFB0}.AppStore|x64.Deploy.0 = Release|x64
		{11850987-0E23-45C9-8D6F-D9E38A5DAFB0}.AppStore|x86.ActiveCfg = Release|x86
		{11850987-0E23-45C9-8D6F-D9E38A5DAFB0}.AppStore|x86.Build.0 = Release|x86
		{11850987-0E23-45C9-8D6F-D9E38A5DAFB0}.AppStore|x86.Deploy.0 = Release|x86
		{11850987-0E23-45C9-8D6F-D9E38A5DAFB0}.Debug|Any CPU.ActiveCfg = Debug|x86
		{11850987-0E23-45C9-8D6F-D9E38A5DAFB0}.Debug|ARM.ActiveCfg = Debug|ARM
		{11850987-0E23-45C9-8D6F-D9E38A5DAFB0}.Debug|ARM.Build.0 = Debug|ARM
		{11850987-0E23-45C9-8D6F-D9E38A5DAFB0}.Debug|ARM.Deploy.0 = Debug|ARM
		{11850987-0E23-45C9-8D6F-D9E38A5DAFB0}.Debug|iPhone.ActiveCfg = Debug|x86
		{11850987-0E23-45C9-8D6F-D9E38A5DAFB0}.Debug|iPhoneSimulator.ActiveCfg = Debug|x86
		{11850987-0E23-45C9-8D6F-D9E38A5DAFB0}.Debug|x64.ActiveCfg = Debug|x64
		{11850987-0E23-45C9-8D6F-D9E38A5DAFB0}.Debug|x64.Build.0 = Debug|x64
		{11850987-0E23-45C9-8D6F-D9E38A5DAFB0}.Debug|x64.Deploy.0 = Debug|x64
		{11850987-0E23-45C9-8D6F-D9E38A5DAFB0}.Debug|x86.ActiveCfg = Debug|x86
		{11850987-0E23-45C9-8D6F-D9E38A5DAFB0}.Debug|x86.Build.0 = Debug|x86
		{11850987-0E23-45C9-8D6F-D9E38A5DAFB0}.Debug|x86.Deploy.0 = Debug|x86
		{11850987-0E23-45C9-8D6F-D9E38A5DAFB0}.Release|Any CPU.ActiveCfg = Release|x86
		{11850987-0E23-45C9-8D6F-D9E38A5DAFB0}.Release|ARM.ActiveCfg = Release|ARM
		{11850987-0E23-45C9-8D6F-D9E38A5DAFB0}.Release|ARM.Build.0 = Release|ARM
		{11850987-0E23-45C9-8D6F-D9E38A5DAFB0}.Release|ARM.Deploy.0 = Release|ARM
		{11850987-0E23-45C9-8D6F-D9E38A5DAFB0}.Release|iPhone.ActiveCfg = Release|x86
		{11850987-0E23-45C9-8D6F-D9E38A5DAFB0}.Release|iPhoneSimulator.ActiveCfg = Release|x86
		{11850987-0E23-45C9-8D6F-D9E38A5DAFB0}.Release|x64.ActiveCfg = Release|x64
		{11850987-0E23-45C9-8D6F-D9E38A5DAFB0}.Release|x64.Build.0 = Release|x64
		{11850987-0E23-45C9-8D6F-D9E38A5DAFB0}.Release|x64.Deploy.0 = Release|x64
		{11850987-0E23-45C9-8D6F-D9E38A5DAFB0}.Release|x86.ActiveCfg = Release|x86
		{11850987-0E23-45C9-8D6F-D9E38A5DAFB0}.Release|x86.Build.0 = Release|x86
		{11850987-0E23-45C9-8D6F-D9E38A5DAFB0}.Release|x86.Deploy.0 = Release|x86
	EndGlobalSection
	GlobalSection(SolutionProperties) = preSolution
		HideSolutionNode = FALSE
	EndGlobalSection
EndGlobal
